{
  "lockfile_version": "1",
  "packages": {
    "cassandra_4@4.1.2": {
      "last_modified": "2023-08-30T00:25:28Z",
      "resolved": "github:NixOS/nixpkgs/a63a64b593dcf2fe05f7c5d666eb395950f36bc9#cassandra_4",
      "source": "devbox-search",
      "version": "4.1.2"
    },
    "nodejs@20.5.1": {
      "last_modified": "2023-08-30T00:25:28Z",
      "resolved": "github:NixOS/nixpkgs/a63a64b593dcf2fe05f7c5d666eb395950f36bc9#nodejs_20",
      "source": "devbox-search",
      "version": "20.5.1"
    }
  }
}
